
Microsoft Visual Studio Solution File, Format Version 12.00
# Visual Studio Version 16
VisualStudioVersion = 16.0.29519.181
MinimumVisualStudioVersion = 10.0.40219.1
Project("{9A19103F-16F7-4668-BE54-9A1E7A4F7556}") = "Rhyous.StringLibrary", "Rhyous.StringLibrary\Rhyous.StringLibrary.csproj", "{1CD5C8EF-0F18-4015-AE86-58E336F5AB55}"
EndProject
Project("{9A19103F-16F7-4668-BE54-9A1E7A4F7556}") = "Rhyous.StringLibrary.Tests", "Rhyous.StringLibrary.Tests\Rhyous.StringLibrary.Tests.csproj", "{86D11BCC-3E1A-4923-B3E7-C27A6F659355}"
EndProject
Global
	GlobalSection(SolutionConfigurationPlatforms) = preSolution
		Debug|Any CPU = Debug|Any CPU
		Release|Any CPU = Release|Any CPU
	EndGlobalSection
	GlobalSection(ProjectConfigurationPlatforms) = postSolution
		{1CD5C8EF-0F18-4015-AE86-58E336F5AB55}.Debug|Any CPU.ActiveCfg = Debug|Any CPU
		{1CD5C8EF-0F18-4015-AE86-58E336F5AB55}.Debug|Any CPU.Build.0 = Debug|Any CPU
		{1CD5C8EF-0F18-4015-AE86-58E336F5AB55}.Release|Any CPU.ActiveCfg = Release|Any CPU
		{1CD5C8EF-0F18-4015-AE86-58E336F5AB55}.Release|Any CPU.Build.0 = Release|Any CPU
		{86D11BCC-3E1A-4923-B3E7-C27A6F659355}.Debug|Any CPU.ActiveCfg = Debug|Any CPU
		{86D11BCC-3E1A-4923-B3E7-C27A6F659355}.Debug|Any CPU.Build.0 = Debug|Any CPU
		{86D11BCC-3E1A-4923-B3E7-C27A6F659355}.Release|Any CPU.ActiveCfg = Release|Any CPU
		{86D11BCC-3E1A-4923-B3E7-C27A6F659355}.Release|Any CPU.Build.0 = Release|Any CPU
	EndGlobalSection
	GlobalSection(SolutionProperties) = preSolution
		HideSolutionNode = FALSE
	EndGlobalSection
	GlobalSection(ExtensibilityGlobals) = postSolution
		SolutionGuid = {68DC9A02-6A49-497C-9D08-8983A3E53F68}
	EndGlobalSection
EndGlobal
