
Microsoft Visual Studio Solution File, Format Version 12.00
# Visual Studio 14
VisualStudioVersion = 14.0.25420.1
MinimumVisualStudioVersion = 10.0.40219.1
Project("{FAE04EC0-301F-11D3-BF4B-00C04F79EFBC}") = "Rhyous.StringLibrary", "Rhyous.StringLibrary\Rhyous.StringLibrary.csproj", "{FB7B5256-03FE-4C28-B8FB-81632981658B}"
EndProject
Project("{2150E333-8FDC-42A3-9474-1A3956D46DE8}") = "Unit Tests", "Unit Tests", "{E981EB5C-7D9B-475A-8E96-CC1AD412D5CF}"
EndProject
Project("{FAE04EC0-301F-11D3-BF4B-00C04F79EFBC}") = "Rhyous.StringLibrary.Tests", "Unit Tests\Rhyous.StringLibrary.Tests\Rhyous.StringLibrary.Tests.csproj", "{195AA2CD-A4ED-4346-B2E1-E70C977F65DF}"
EndProject
Global
	GlobalSection(SolutionConfigurationPlatforms) = preSolution
		Debug|Any CPU = Debug|Any CPU
		Release|Any CPU = Release|Any CPU
	EndGlobalSection
	GlobalSection(ProjectConfigurationPlatforms) = postSolution
		{FB7B5256-03FE-4C28-B8FB-81632981658B}.Debug|Any CPU.ActiveCfg = Debug|Any CPU
		{FB7B5256-03FE-4C28-B8FB-81632981658B}.Debug|Any CPU.Build.0 = Debug|Any CPU
		{FB7B5256-03FE-4C28-B8FB-81632981658B}.Release|Any CPU.ActiveCfg = Release|Any CPU
		{FB7B5256-03FE-4C28-B8FB-81632981658B}.Release|Any CPU.Build.0 = Release|Any CPU
		{195AA2CD-A4ED-4346-B2E1-E70C977F65DF}.Debug|Any CPU.ActiveCfg = Debug|Any CPU
		{195AA2CD-A4ED-4346-B2E1-E70C977F65DF}.Debug|Any CPU.Build.0 = Debug|Any CPU
		{195AA2CD-A4ED-4346-B2E1-E70C977F65DF}.Release|Any CPU.ActiveCfg = Release|Any CPU
		{195AA2CD-A4ED-4346-B2E1-E70C977F65DF}.Release|Any CPU.Build.0 = Release|Any CPU
	EndGlobalSection
	GlobalSection(SolutionProperties) = preSolution
		HideSolutionNode = FALSE
	EndGlobalSection
	GlobalSection(NestedProjects) = preSolution
		{195AA2CD-A4ED-4346-B2E1-E70C977F65DF} = {E981EB5C-7D9B-475A-8E96-CC1AD412D5CF}
	EndGlobalSection
EndGlobal
